
Microsoft Visual Studio Solution File, Format Version 12.00
# Visual Studio Version 17
VisualStudioVersion = 17.13.35617.110 d17.13
MinimumVisualStudioVersion = 10.0.40219.1
Project("{FAE04EC0-301F-11D3-BF4B-00C04F79EFBC}") = "Foundation.string", "Foundation.string\Foundation.string.csproj", "{E43C345F-4E5F-4521-BDC5-B015805AE805}"
EndProject
Global
	GlobalSection(SolutionConfigurationPlatforms) = preSolution
		Debug|Any CPU = Debug|Any CPU
		Release|Any CPU = Release|Any CPU
	EndGlobalSection
	GlobalSection(ProjectConfigurationPlatforms) = postSolution
		{E43C345F-4E5F-4521-BDC5-B015805AE805}.Debug|Any CPU.ActiveCfg = Debug|Any CPU
		{E43C345F-4E5F-4521-BDC5-B015805AE805}.Debug|Any CPU.Build.0 = Debug|Any CPU
		{E43C345F-4E5F-4521-BDC5-B015805AE805}.Release|Any CPU.ActiveCfg = Release|Any CPU
		{E43C345F-4E5F-4521-BDC5-B015805AE805}.Release|Any CPU.Build.0 = Release|Any CPU
	EndGlobalSection
	GlobalSection(SolutionProperties) = preSolution
		HideSolutionNode = FALSE
	EndGlobalSection
	GlobalSection(ExtensibilityGlobals) = postSolution
		SolutionGuid = {C501AFCE-CBE2-4489-8A31-3C92EA1BD797}
	EndGlobalSection
EndGlobal
